
Microsoft Visual Studio Solution File, Format Version 12.00
# Visual Studio Version 17
VisualStudioVersion = 17.1.32421.90
MinimumVisualStudioVersion = 10.0.40219.1
Project("{FAE04EC0-301F-11D3-BF4B-00C04F79EFBC}") = "Noodle_Assignment", "Noodle_Assignment\Noodle_Assignment.csproj", "{92C19572-8966-426E-A61A-11D78C88912F}"
EndProject
Global
	GlobalSection(SolutionConfigurationPlatforms) = preSolution
		Debug|Any CPU = Debug|Any CPU
		Release|Any CPU = Release|Any CPU
	EndGlobalSection
	GlobalSection(ProjectConfigurationPlatforms) = postSolution
		{92C19572-8966-426E-A61A-11D78C88912F}.Debug|Any CPU.ActiveCfg = Debug|Any CPU
		{92C19572-8966-426E-A61A-11D78C88912F}.Debug|Any CPU.Build.0 = Debug|Any CPU
		{92C19572-8966-426E-A61A-11D78C88912F}.Release|Any CPU.ActiveCfg = Release|Any CPU
		{92C19572-8966-426E-A61A-11D78C88912F}.Release|Any CPU.Build.0 = Release|Any CPU
	EndGlobalSection
	GlobalSection(SolutionProperties) = preSolution
		HideSolutionNode = FALSE
	EndGlobalSection
	GlobalSection(ExtensibilityGlobals) = postSolution
		SolutionGuid = {D6341BE3-A6C8-493D-8B0C-929C4768669B}
	EndGlobalSection
EndGlobal
